// !$*UTF8*$!
{
	archiveVersion = 1;
	classes = {
	};
	objectVersion = 46;
	objects = {

/* Begin PBXBuildFile section */
		A96BF3131D3E0B8000680AAE /* AppDelegate.swift in Sources */ = {isa = PBXBuildFile; fileRef = A96BF3121D3E0B8000680AAE /* AppDelegate.swift */; };
		A96BF3181D3E0B8000680AAE /* Main.storyboard in Resources */ = {isa = PBXBuildFile; fileRef = A96BF3161D3E0B8000680AAE /* Main.storyboard */; };
		A96BF31A1D3E0B8000680AAE /* Assets.xcassets in Resources */ = {isa = PBXBuildFile; fileRef = A96BF3191D3E0B8000680AAE /* Assets.xcassets */; };
		A96BF31D1D3E0B8000680AAE /* LaunchScreen.storyboard in Resources */ = {isa = PBXBuildFile; fileRef = A96BF31B1D3E0B8000680AAE /* LaunchScreen.storyboard */; };
		A96BF3251D3E0C6200680AAE /* FlickrPhotosViewController.swift in Sources */ = {isa = PBXBuildFile; fileRef = A96BF3241D3E0C6200680AAE /* FlickrPhotosViewController.swift */; };
/* End PBXBuildFile section */

/* Begin PBXFileReference section */
		A96BF30F1D3E0B8000680AAE /* FlickrSearch.app */ = {isa = PBXFileReference; explicitFileType = wrapper.application; includeInIndex = 0; path = FlickrSearch.app; sourceTree = BUILT_PRODUCTS_DIR; };
		A96BF3121D3E0B8000680AAE /* AppDelegate.swift */ = {isa = PBXFileReference; lastKnownFileType = sourcecode.swift; path = AppDelegate.swift; sourceTree = "<group>"; };
		A96BF3171D3E0B8000680AAE /* Base */ = {isa = PBXFileReference; lastKnownFileType = file.storyboard; name = Base; path = Base.lproj/Main.storyboard; sourceTree = "<group>"; };
		A96BF3191D3E0B8000680AAE /* Assets.xcassets */ = {isa = PBXFileReference; lastKnownFileType = folder.assetcatalog; path = Assets.xcassets; sourceTree = "<group>"; };
		A96BF31C1D3E0B8000680AAE /* Base */ = {isa = PBXFileReference; lastKnownFileType = file.storyboard; name = Base; path = Base.lproj/LaunchScreen.storyboard; sourceTree = "<group>"; };
		A96BF31E1D3E0B8000680AAE /* Info.plist */ = {isa = PBXFileReference; lastKnownFileType = text.plist.xml; path = Info.plist; sourceTree = "<group>"; };
		A96BF3241D3E0C6200680AAE /* FlickrPhotosViewController.swift */ = {isa = PBXFileReference; fileEncoding = 4; lastKnownFileType = sourcecode.swift; path = FlickrPhotosViewController.swift; sourceTree = "<group>"; };
/* End PBXFileReference section */

/* Begin PBXFrameworksBuildPhase section */
		A96BF30C1D3E0B8000680AAE /* Frameworks */ = {
			isa = PBXFrameworksBuildPhase;
			buildActionMask = 2147483647;
			files = (
			);
			runOnlyForDeploymentPostprocessing = 0;
		};
/* End PBXFrameworksBuildPhase section */

/* Begin PBXGroup section */
		A96BF3061D3E0B8000680AAE = {
			isa = PBXGroup;
			children = (
				A96BF3111D3E0B8000680AAE /* FlickrSearch */,
				A96BF3101D3E0B8000680AAE /* Products */,
			);
			sourceTree = "<group>";
		};
		A96BF3101D3E0B8000680AAE /* Products */ = {
			isa = PBXGroup;
			children = (
				A96BF30F1D3E0B8000680AAE /* FlickrSearch.app */,
			);
			name = Products;
			sourceTree = "<group>";
		};
		A96BF3111D3E0B8000680AAE /* FlickrSearch */ = {
			isa = PBXGroup;
			children = (
				A96BF3121D3E0B8000680AAE /* AppDelegate.swift */,
				A96BF3161D3E0B8000680AAE /* Main.storyboard */,
				A96BF3241D3E0C6200680AAE /* FlickrPhotosViewController.swift */,
				A96BF3191D3E0B8000680AAE /* Assets.xcassets */,
				A96BF31B1D3E0B8000680AAE /* LaunchScreen.storyboard */,
				A96BF31E1D3E0B8000680AAE /* Info.plist */,
			);
			path = FlickrSearch;
			sourceTree = "<group>";
		};
/* End PBXGroup section */

/* Begin PBXNativeTarget section */
		A96BF30E1D3E0B8000680AAE /* FlickrSearch */ = {
			isa = PBXNativeTarget;
			buildConfigurationList = A96BF3211D3E0B8000680AAE /* Build configuration list for PBXNativeTarget "FlickrSearch" */;
			buildPhases = (
				A96BF30B1D3E0B8000680AAE /* Sources */,
				A96BF30C1D3E0B8000680AAE /* Frameworks */,
				A96BF30D1D3E0B8000680AAE /* Resources */,
			);
			buildRules = (
			);
			dependencies = (
			);
			name = FlickrSearch;
			productName = FlickrSearch;
			productReference = A96BF30F1D3E0B8000680AAE /* FlickrSearch.app */;
			productType = "com.apple.product-type.application";
		};
/* End PBXNativeTarget section */

/* Begin PBXProject section */
		A96BF3071D3E0B8000680AAE /* Project object */ = {
			isa = PBXProject;
			attributes = {
				LastSwiftUpdateCheck = 0730;
				LastUpgradeCheck = 0730;
				ORGANIZATIONNAME = scauos.com;
				TargetAttributes = {
					A96BF30E1D3E0B8000680AAE = {
						CreatedOnToolsVersion = 7.3;
						DevelopmentTeam = S85YN963RT;
					};
				};
			};
			buildConfigurationList = A96BF30A1D3E0B8000680AAE /* Build configuration list for PBXProject "FlickrSearch" */;
			compatibilityVersion = "Xcode 3.2";
			developmentRegion = English;
			hasScannedForEncodings = 0;
			knownRegions = (
				en,
				Base,
			);
			mainGroup = A96BF3061D3E0B8000680AAE;
			productRefGroup = A96BF3101D3E0B8000680AAE /* Products */;
			projectDirPath = "";
			projectRoot = "";
			targets = (
				A96BF30E1D3E0B8000680AAE /* FlickrSearch */,
			);
		};
/* End PBXProject section */

/* Begin PBXResourcesBuildPhase section */
		A96BF30D1D3E0B8000680AAE /* Resources */ = {
			isa = PBXResourcesBuildPhase;
			buildActionMask = 2147483647;
			files = (
				A96BF31D1D3E0B8000680AAE /* LaunchScreen.storyboard in Resources */,
				A96BF31A1D3E0B8000680AAE /* Assets.xcassets in Resources */,
				A96BF3181D3E0B8000680AAE /* Main.storyboard in Resources */,
			);
			runOnlyForDeploymentPostprocessing = 0;
		};
/* End PBXResourcesBuildPhase section */

/* Begin PBXSourcesBuildPhase section */
		A96BF30B1D3E0B8000680AAE /* Sources */ = {
			isa = PBXSourcesBuildPhase;
			buildActionMask = 2147483647;
			files = (
				A96BF3251D3E0C6200680AAE /* FlickrPhotosViewController.swift in Sources */,
				A96BF3131D3E0B8000680AAE /* AppDelegate.swift in Sources */,
			);
			runOnlyForDeploymentPostprocessing = 0;
		};
/* End PBXSourcesBuildPhase section */

/* Begin PBXVariantGroup section */
		A96BF3161D3E0B8000680AAE /* Main.storyboard */ = {
			isa = PBXVariantGroup;
			children = (
				A96BF3171D3E0B8000680AAE /* Base */,
			);
			name = Main.storyboard;
			sourceTree = "<group>";
		};
		A96BF31B1D3E0B8000680AAE /* LaunchScreen.storyboard */ = {
			isa = PBXVariantGroup;
			children = (
				A96BF31C1D3E0B8000680AAE /* Base */,
			);
			name = LaunchScreen.storyboard;
			sourceTree = "<group>";
		};
/* End PBXVariantGroup section */

/* Begin XCBuildConfiguration section */
		A96BF31F1D3E0B8000680AAE /* Debug */ = {
			isa = XCBuildConfiguration;
			buildSettings = {
				ALWAYS_SEARCH_USER_PATHS = NO;
				CLANG_ANALYZER_NONNULL = YES;
				CLANG_CXX_LANGUAGE_STANDARD = "gnu++0x";
				CLANG_CXX_LIBRARY = "libc++";
				CLANG_ENABLE_MODULES = YES;
				CLANG_ENABLE_OBJC_ARC = YES;
				CLANG_WARN_BOOL_CONVERSION = YES;
				CLANG_WARN_CONSTANT_CONVERSION = YES;
				CLANG_WARN_DIRECT_OBJC_ISA_USAGE = YES_ERROR;
				CLANG_WARN_EMPTY_BODY = YES;
				CLANG_WARN_ENUM_CONVERSION = YES;
				CLANG_WARN_INT_CONVERSION = YES;
				CLANG_WARN_OBJC_ROOT_CLASS = YES_ERROR;
				CLANG_WARN_UNREACHABLE_CODE = YES;
				CLANG_WARN__DUPLICATE_METHOD_MATCH = YES;
				"CODE_SIGN_IDENTITY[sdk=iphoneos*]" = "iPhone Developer";
				COPY_PHASE_STRIP = NO;
				DEBUG_INFORMATION_FORMAT = dwarf;
				ENABLE_STRICT_OBJC_MSGSEND = YES;
				ENABLE_TESTABILITY = YES;
				GCC_C_LANGUAGE_STANDARD = gnu99;
				GCC_DYNAMIC_NO_PIC = NO;
				GCC_NO_COMMON_BLOCKS = YES;
				GCC_OPTIMIZATION_LEVEL = 0;
				GCC_PREPROCESSOR_DEFINITIONS = (
					"DEBUG=1",
					"$(inherited)",
				);
				GCC_WARN_64_TO_32_BIT_CONVERSION = YES;
				GCC_WARN_ABOUT_RETURN_TYPE = YES_ERROR;
				GCC_WARN_UNDECLARED_SELECTOR = YES;
				GCC_WARN_UNINITIALIZED_AUTOS = YES_AGGRESSIVE;
				GCC_WARN_UNUSED_FUNCTION = YES;
				GCC_WARN_UNUSED_VARIABLE = YES;
				IPHONEOS_DEPLOYMENT_TARGET = 9.3;
				MTL_ENABLE_DEBUG_INFO = YES;
				ONLY_ACTIVE_ARCH = YES;
				SDKROOT = iphoneos;
				SWIFT_OPTIMIZATION_LEVEL = "-Onone";
			};
			name = Debug;
		};
		A96BF3201D3E0B8000680AAE /* Release */ = {
			isa = XCBuildConfiguration;
			buildSettings = {
				ALWAYS_SEARCH_USER_PATHS = NO;
				CLANG_ANALYZER_NONNULL = YES;
				CLANG_CXX_LANGUAGE_STANDARD = "gnu++0x";
				CLANG_CXX_LIBRARY = "libc++";
				CLANG_ENABLE_MODULES = YES;
				CLANG_ENABLE_OBJC_ARC = YES;
				CLANG_WARN_BOOL_CONVERSION = YES;
				CLANG_WARN_CONSTANT_CONVERSION = YES;
				CLANG_WARN_DIRECT_OBJC_ISA_USAGE = YES_ERROR;
				CLANG_WARN_EMPTY_BODY = YES;
				CLANG_WARN_ENUM_CONVERSION = YES;
				CLANG_WARN_INT_CONVERSION = YES;
				CLANG_WARN_OBJC_ROOT_CLASS = YES_ERROR;
				CLANG_WARN_UNREACHABLE_CODE = YES;
				CLANG_WARN__DUPLICATE_METHOD_MATCH = YES;
				"CODE_SIGN_IDENTITY[sdk=iphoneos*]" = "iPhone Developer";
				COPY_PHASE_STRIP = NO;
				DEBUG_INFORMATION_FORMAT = "dwarf-with-dsym";
				ENABLE_NS_ASSERTIONS = NO;
				ENABLE_STRICT_OBJC_MSGSEND = YES;
				GCC_C_LANGUAGE_STANDARD = gnu99;
				GCC_NO_COMMON_BLOCKS = YES;
				GCC_WARN_64_TO_32_BIT_CONVERSION = YES;
				GCC_WARN_ABOUT_RETURN_TYPE = YES_ERROR;
				GCC_WARN_UNDECLARED_SELECTOR = YES;
				GCC_WARN_UNINITIALIZED_AUTOS = YES_AGGRESSIVE;
				GCC_WARN_UNUSED_FUNCTION = YES;
				GCC_WARN_UNUSED_VARIABLE = YES;
				IPHONEOS_DEPLOYMENT_TARGET = 9.3;
				MTL_ENABLE_DEBUG_INFO = NO;
				SDKROOT = iphoneos;
				VALIDATE_PRODUCT = YES;
			};
			name = Release;
		};
		A96BF3221D3E0B8000680AAE /* Debug */ = {
			isa = XCBuildConfiguration;
			buildSettings = {
				ASSETCATALOG_COMPILER_APPICON_NAME = AppIcon;
				INFOPLIST_FILE = FlickrSearch/Info.plist;
				LD_RUNPATH_SEARCH_PATHS = "$(inherited) @executable_path/Frameworks";
				PRODUCT_BUNDLE_IDENTIFIER = "everyting-is-under-control.FlickrSearch";
				PRODUCT_NAME = "$(TARGET_NAME)";
			};
			name = Debug;
		};
		A96BF3231D3E0B8000680AAE /* Release */ = {
			isa = XCBuildConfiguration;
			buildSettings = {
				ASSETCATALOG_COMPILER_APPICON_NAME = AppIcon;
				INFOPLIST_FILE = FlickrSearch/Info.plist;
				LD_RUNPATH_SEARCH_PATHS = "$(inherited) @executable_path/Frameworks";
				PRODUCT_BUNDLE_IDENTIFIER = "everyting-is-under-control.FlickrSearch";
				PRODUCT_NAME = "$(TARGET_NAME)";
			};
			name = Release;
		};
/* End XCBuildConfiguration section */

/* Begin XCConfigurationList section */
		A96BF30A1D3E0B8000680AAE /* Build configuration list for PBXProject "FlickrSearch" */ = {
			isa = XCConfigurationList;
			buildConfigurations = (
				A96BF31F1D3E0B8000680AAE /* Debug */,
				A96BF3201D3E0B8000680AAE /* Release */,
			);
			defaultConfigurationIsVisible = 0;
			defaultConfigurationName = Release;
		};
		A96BF3211D3E0B8000680AAE /* Build configuration list for PBXNativeTarget "FlickrSearch" */ = {
			isa = XCConfigurationList;
			buildConfigurations = (
				A96BF3221D3E0B8000680AAE /* Debug */,
				A96BF3231D3E0B8000680AAE /* Release */,
			);
			defaultConfigurationIsVisible = 0;
		};
/* End XCConfigurationList section */
	};
	rootObject = A96BF3071D3E0B8000680AAE /* Project object */;
}
