// !$*UTF8*$!
{
	archiveVersion = 1;
	classes = {
	};
	objectVersion = 46;
	objects = {

/* Begin PBXBuildFile section */
		A960AA9B1D44FF83005829CA /* AppDelegate.swift in Sources */ = {isa = PBXBuildFile; fileRef = A960AA9A1D44FF83005829CA /* AppDelegate.swift */; };
		A960AA9D1D44FF83005829CA /* ViewController.swift in Sources */ = {isa = PBXBuildFile; fileRef = A960AA9C1D44FF83005829CA /* ViewController.swift */; };
		A960AAA01D44FF83005829CA /* Main.storyboard in Resources */ = {isa = PBXBuildFile; fileRef = A960AA9E1D44FF83005829CA /* Main.storyboard */; };
		A960AAA21D44FF83005829CA /* Assets.xcassets in Resources */ = {isa = PBXBuildFile; fileRef = A960AAA11D44FF83005829CA /* Assets.xcassets */; };
		A960AAA51D44FF83005829CA /* LaunchScreen.storyboard in Resources */ = {isa = PBXBuildFile; fileRef = A960AAA31D44FF83005829CA /* LaunchScreen.storyboard */; };
		A960AAAD1D44FF99005829CA /* zombies.jpg in Resources */ = {isa = PBXBuildFile; fileRef = A960AAAC1D44FF99005829CA /* zombies.jpg */; };
/* End PBXBuildFile section */

/* Begin PBXFileReference section */
		A960AA971D44FF83005829CA /* ScrollView - practice.app */ = {isa = PBXFileReference; explicitFileType = wrapper.application; includeInIndex = 0; path = "ScrollView - practice.app"; sourceTree = BUILT_PRODUCTS_DIR; };
		A960AA9A1D44FF83005829CA /* AppDelegate.swift */ = {isa = PBXFileReference; lastKnownFileType = sourcecode.swift; path = AppDelegate.swift; sourceTree = "<group>"; };
		A960AA9C1D44FF83005829CA /* ViewController.swift */ = {isa = PBXFileReference; lastKnownFileType = sourcecode.swift; path = ViewController.swift; sourceTree = "<group>"; };
		A960AA9F1D44FF83005829CA /* Base */ = {isa = PBXFileReference; lastKnownFileType = file.storyboard; name = Base; path = Base.lproj/Main.storyboard; sourceTree = "<group>"; };
		A960AAA11D44FF83005829CA /* Assets.xcassets */ = {isa = PBXFileReference; lastKnownFileType = folder.assetcatalog; path = Assets.xcassets; sourceTree = "<group>"; };
		A960AAA41D44FF83005829CA /* Base */ = {isa = PBXFileReference; lastKnownFileType = file.storyboard; name = Base; path = Base.lproj/LaunchScreen.storyboard; sourceTree = "<group>"; };
		A960AAA61D44FF83005829CA /* Info.plist */ = {isa = PBXFileReference; lastKnownFileType = text.plist.xml; path = Info.plist; sourceTree = "<group>"; };
		A960AAAC1D44FF99005829CA /* zombies.jpg */ = {isa = PBXFileReference; lastKnownFileType = image.jpeg; path = zombies.jpg; sourceTree = "<group>"; };
/* End PBXFileReference section */

/* Begin PBXFrameworksBuildPhase section */
		A960AA941D44FF83005829CA /* Frameworks */ = {
			isa = PBXFrameworksBuildPhase;
			buildActionMask = 2147483647;
			files = (
			);
			runOnlyForDeploymentPostprocessing = 0;
		};
/* End PBXFrameworksBuildPhase section */

/* Begin PBXGroup section */
		A960AA8E1D44FF83005829CA = {
			isa = PBXGroup;
			children = (
				A960AA991D44FF83005829CA /* ScrollView - practice */,
				A960AA981D44FF83005829CA /* Products */,
			);
			sourceTree = "<group>";
		};
		A960AA981D44FF83005829CA /* Products */ = {
			isa = PBXGroup;
			children = (
				A960AA971D44FF83005829CA /* ScrollView - practice.app */,
			);
			name = Products;
			sourceTree = "<group>";
		};
		A960AA991D44FF83005829CA /* ScrollView - practice */ = {
			isa = PBXGroup;
			children = (
				A960AAAC1D44FF99005829CA /* zombies.jpg */,
				A960AA9A1D44FF83005829CA /* AppDelegate.swift */,
				A960AA9C1D44FF83005829CA /* ViewController.swift */,
				A960AA9E1D44FF83005829CA /* Main.storyboard */,
				A960AAA11D44FF83005829CA /* Assets.xcassets */,
				A960AAA31D44FF83005829CA /* LaunchScreen.storyboard */,
				A960AAA61D44FF83005829CA /* Info.plist */,
			);
			path = "ScrollView - practice";
			sourceTree = "<group>";
		};
/* End PBXGroup section */

/* Begin PBXNativeTarget section */
		A960AA961D44FF83005829CA /* ScrollView - practice */ = {
			isa = PBXNativeTarget;
			buildConfigurationList = A960AAA91D44FF83005829CA /* Build configuration list for PBXNativeTarget "ScrollView - practice" */;
			buildPhases = (
				A960AA931D44FF83005829CA /* Sources */,
				A960AA941D44FF83005829CA /* Frameworks */,
				A960AA951D44FF83005829CA /* Resources */,
			);
			buildRules = (
			);
			dependencies = (
			);
			name = "ScrollView - practice";
			productName = "ScrollView - practice";
			productReference = A960AA971D44FF83005829CA /* ScrollView - practice.app */;
			productType = "com.apple.product-type.application";
		};
/* End PBXNativeTarget section */

/* Begin PBXProject section */
		A960AA8F1D44FF83005829CA /* Project object */ = {
			isa = PBXProject;
			attributes = {
				LastSwiftUpdateCheck = 0730;
				LastUpgradeCheck = 0730;
				ORGANIZATIONNAME = scauos.com;
				TargetAttributes = {
					A960AA961D44FF83005829CA = {
						CreatedOnToolsVersion = 7.3;
						DevelopmentTeam = S85YN963RT;
					};
				};
			};
			buildConfigurationList = A960AA921D44FF83005829CA /* Build configuration list for PBXProject "ScrollView - practice" */;
			compatibilityVersion = "Xcode 3.2";
			developmentRegion = English;
			hasScannedForEncodings = 0;
			knownRegions = (
				en,
				Base,
			);
			mainGroup = A960AA8E1D44FF83005829CA;
			productRefGroup = A960AA981D44FF83005829CA /* Products */;
			projectDirPath = "";
			projectRoot = "";
			targets = (
				A960AA961D44FF83005829CA /* ScrollView - practice */,
			);
		};
/* End PBXProject section */

/* Begin PBXResourcesBuildPhase section */
		A960AA951D44FF83005829CA /* Resources */ = {
			isa = PBXResourcesBuildPhase;
			buildActionMask = 2147483647;
			files = (
				A960AAA51D44FF83005829CA /* LaunchScreen.storyboard in Resources */,
				A960AAA21D44FF83005829CA /* Assets.xcassets in Resources */,
				A960AAA01D44FF83005829CA /* Main.storyboard in Resources */,
				A960AAAD1D44FF99005829CA /* zombies.jpg in Resources */,
			);
			runOnlyForDeploymentPostprocessing = 0;
		};
/* End PBXResourcesBuildPhase section */

/* Begin PBXSourcesBuildPhase section */
		A960AA931D44FF83005829CA /* Sources */ = {
			isa = PBXSourcesBuildPhase;
			buildActionMask = 2147483647;
			files = (
				A960AA9D1D44FF83005829CA /* ViewController.swift in Sources */,
				A960AA9B1D44FF83005829CA /* AppDelegate.swift in Sources */,
			);
			runOnlyForDeploymentPostprocessing = 0;
		};
/* End PBXSourcesBuildPhase section */

/* Begin PBXVariantGroup section */
		A960AA9E1D44FF83005829CA /* Main.storyboard */ = {
			isa = PBXVariantGroup;
			children = (
				A960AA9F1D44FF83005829CA /* Base */,
			);
			name = Main.storyboard;
			sourceTree = "<group>";
		};
		A960AAA31D44FF83005829CA /* LaunchScreen.storyboard */ = {
			isa = PBXVariantGroup;
			children = (
				A960AAA41D44FF83005829CA /* Base */,
			);
			name = LaunchScreen.storyboard;
			sourceTree = "<group>";
		};
/* End PBXVariantGroup section */

/* Begin XCBuildConfiguration section */
		A960AAA71D44FF83005829CA /* Debug */ = {
			isa = XCBuildConfiguration;
			buildSettings = {
				ALWAYS_SEARCH_USER_PATHS = NO;
				CLANG_ANALYZER_NONNULL = YES;
				CLANG_CXX_LANGUAGE_STANDARD = "gnu++0x";
				CLANG_CXX_LIBRARY = "libc++";
				CLANG_ENABLE_MODULES = YES;
				CLANG_ENABLE_OBJC_ARC = YES;
				CLANG_WARN_BOOL_CONVERSION = YES;
				CLANG_WARN_CONSTANT_CONVERSION = YES;
				CLANG_WARN_DIRECT_OBJC_ISA_USAGE = YES_ERROR;
				CLANG_WARN_EMPTY_BODY = YES;
				CLANG_WARN_ENUM_CONVERSION = YES;
				CLANG_WARN_INT_CONVERSION = YES;
				CLANG_WARN_OBJC_ROOT_CLASS = YES_ERROR;
				CLANG_WARN_UNREACHABLE_CODE = YES;
				CLANG_WARN__DUPLICATE_METHOD_MATCH = YES;
				"CODE_SIGN_IDENTITY[sdk=iphoneos*]" = "iPhone Developer";
				COPY_PHASE_STRIP = NO;
				DEBUG_INFORMATION_FORMAT = dwarf;
				ENABLE_STRICT_OBJC_MSGSEND = YES;
				ENABLE_TESTABILITY = YES;
				GCC_C_LANGUAGE_STANDARD = gnu99;
				GCC_DYNAMIC_NO_PIC = NO;
				GCC_NO_COMMON_BLOCKS = YES;
				GCC_OPTIMIZATION_LEVEL = 0;
				GCC_PREPROCESSOR_DEFINITIONS = (
					"DEBUG=1",
					"$(inherited)",
				);
				GCC_WARN_64_TO_32_BIT_CONVERSION = YES;
				GCC_WARN_ABOUT_RETURN_TYPE = YES_ERROR;
				GCC_WARN_UNDECLARED_SELECTOR = YES;
				GCC_WARN_UNINITIALIZED_AUTOS = YES_AGGRESSIVE;
				GCC_WARN_UNUSED_FUNCTION = YES;
				GCC_WARN_UNUSED_VARIABLE = YES;
				IPHONEOS_DEPLOYMENT_TARGET = 9.3;
				MTL_ENABLE_DEBUG_INFO = YES;
				ONLY_ACTIVE_ARCH = YES;
				SDKROOT = iphoneos;
				SWIFT_OPTIMIZATION_LEVEL = "-Onone";
			};
			name = Debug;
		};
		A960AAA81D44FF83005829CA /* Release */ = {
			isa = XCBuildConfiguration;
			buildSettings = {
				ALWAYS_SEARCH_USER_PATHS = NO;
				CLANG_ANALYZER_NONNULL = YES;
				CLANG_CXX_LANGUAGE_STANDARD = "gnu++0x";
				CLANG_CXX_LIBRARY = "libc++";
				CLANG_ENABLE_MODULES = YES;
				CLANG_ENABLE_OBJC_ARC = YES;
				CLANG_WARN_BOOL_CONVERSION = YES;
				CLANG_WARN_CONSTANT_CONVERSION = YES;
				CLANG_WARN_DIRECT_OBJC_ISA_USAGE = YES_ERROR;
				CLANG_WARN_EMPTY_BODY = YES;
				CLANG_WARN_ENUM_CONVERSION = YES;
				CLANG_WARN_INT_CONVERSION = YES;
				CLANG_WARN_OBJC_ROOT_CLASS = YES_ERROR;
				CLANG_WARN_UNREACHABLE_CODE = YES;
				CLANG_WARN__DUPLICATE_METHOD_MATCH = YES;
				"CODE_SIGN_IDENTITY[sdk=iphoneos*]" = "iPhone Developer";
				COPY_PHASE_STRIP = NO;
				DEBUG_INFORMATION_FORMAT = "dwarf-with-dsym";
				ENABLE_NS_ASSERTIONS = NO;
				ENABLE_STRICT_OBJC_MSGSEND = YES;
				GCC_C_LANGUAGE_STANDARD = gnu99;
				GCC_NO_COMMON_BLOCKS = YES;
				GCC_WARN_64_TO_32_BIT_CONVERSION = YES;
				GCC_WARN_ABOUT_RETURN_TYPE = YES_ERROR;
				GCC_WARN_UNDECLARED_SELECTOR = YES;
				GCC_WARN_UNINITIALIZED_AUTOS = YES_AGGRESSIVE;
				GCC_WARN_UNUSED_FUNCTION = YES;
				GCC_WARN_UNUSED_VARIABLE = YES;
				IPHONEOS_DEPLOYMENT_TARGET = 9.3;
				MTL_ENABLE_DEBUG_INFO = NO;
				SDKROOT = iphoneos;
				VALIDATE_PRODUCT = YES;
			};
			name = Release;
		};
		A960AAAA1D44FF83005829CA /* Debug */ = {
			isa = XCBuildConfiguration;
			buildSettings = {
				ASSETCATALOG_COMPILER_APPICON_NAME = AppIcon;
				INFOPLIST_FILE = "ScrollView - practice/Info.plist";
				LD_RUNPATH_SEARCH_PATHS = "$(inherited) @executable_path/Frameworks";
				PRODUCT_BUNDLE_IDENTIFIER = "everyting-is-under-control.ScrollView---practice";
				PRODUCT_NAME = "$(TARGET_NAME)";
			};
			name = Debug;
		};
		A960AAAB1D44FF83005829CA /* Release */ = {
			isa = XCBuildConfiguration;
			buildSettings = {
				ASSETCATALOG_COMPILER_APPICON_NAME = AppIcon;
				INFOPLIST_FILE = "ScrollView - practice/Info.plist";
				LD_RUNPATH_SEARCH_PATHS = "$(inherited) @executable_path/Frameworks";
				PRODUCT_BUNDLE_IDENTIFIER = "everyting-is-under-control.ScrollView---practice";
				PRODUCT_NAME = "$(TARGET_NAME)";
			};
			name = Release;
		};
/* End XCBuildConfiguration section */

/* Begin XCConfigurationList section */
		A960AA921D44FF83005829CA /* Build configuration list for PBXProject "ScrollView - practice" */ = {
			isa = XCConfigurationList;
			buildConfigurations = (
				A960AAA71D44FF83005829CA /* Debug */,
				A960AAA81D44FF83005829CA /* Release */,
			);
			defaultConfigurationIsVisible = 0;
			defaultConfigurationName = Release;
		};
		A960AAA91D44FF83005829CA /* Build configuration list for PBXNativeTarget "ScrollView - practice" */ = {
			isa = XCConfigurationList;
			buildConfigurations = (
				A960AAAA1D44FF83005829CA /* Debug */,
				A960AAAB1D44FF83005829CA /* Release */,
			);
			defaultConfigurationIsVisible = 0;
		};
/* End XCConfigurationList section */
	};
	rootObject = A960AA8F1D44FF83005829CA /* Project object */;
}
