// !$*UTF8*$!
{
	archiveVersion = 1;
	classes = {
	};
	objectVersion = 46;
	objects = {

/* Begin PBXBuildFile section */
		A949AD851D6208F900F2DFCD /* AppDelegate.swift in Sources */ = {isa = PBXBuildFile; fileRef = A949AD841D6208F900F2DFCD /* AppDelegate.swift */; };
		A949AD871D6208F900F2DFCD /* ViewController.swift in Sources */ = {isa = PBXBuildFile; fileRef = A949AD861D6208F900F2DFCD /* ViewController.swift */; };
		A949AD8A1D6208F900F2DFCD /* Main.storyboard in Resources */ = {isa = PBXBuildFile; fileRef = A949AD881D6208F900F2DFCD /* Main.storyboard */; };
		A949AD8C1D6208F900F2DFCD /* Assets.xcassets in Resources */ = {isa = PBXBuildFile; fileRef = A949AD8B1D6208F900F2DFCD /* Assets.xcassets */; };
		A949AD8F1D6208F900F2DFCD /* LaunchScreen.storyboard in Resources */ = {isa = PBXBuildFile; fileRef = A949AD8D1D6208F900F2DFCD /* LaunchScreen.storyboard */; };
		D92DDA72E9F95E6C0F1986EC /* Pods_ColorMatchTabs.framework in Frameworks */ = {isa = PBXBuildFile; fileRef = 02088F85C63903C34792DE1C /* Pods_ColorMatchTabs.framework */; };
/* End PBXBuildFile section */

/* Begin PBXFileReference section */
		02088F85C63903C34792DE1C /* Pods_ColorMatchTabs.framework */ = {isa = PBXFileReference; explicitFileType = wrapper.framework; includeInIndex = 0; path = Pods_ColorMatchTabs.framework; sourceTree = BUILT_PRODUCTS_DIR; };
		1F3745E90E443EABE17562B9 /* Pods-ColorMatchTabs.release.xcconfig */ = {isa = PBXFileReference; includeInIndex = 1; lastKnownFileType = text.xcconfig; name = "Pods-ColorMatchTabs.release.xcconfig"; path = "Pods/Target Support Files/Pods-ColorMatchTabs/Pods-ColorMatchTabs.release.xcconfig"; sourceTree = "<group>"; };
		A949AD811D6208F900F2DFCD /* ColorMatchTabs.app */ = {isa = PBXFileReference; explicitFileType = wrapper.application; includeInIndex = 0; path = ColorMatchTabs.app; sourceTree = BUILT_PRODUCTS_DIR; };
		A949AD841D6208F900F2DFCD /* AppDelegate.swift */ = {isa = PBXFileReference; lastKnownFileType = sourcecode.swift; path = AppDelegate.swift; sourceTree = "<group>"; };
		A949AD861D6208F900F2DFCD /* ViewController.swift */ = {isa = PBXFileReference; lastKnownFileType = sourcecode.swift; path = ViewController.swift; sourceTree = "<group>"; };
		A949AD891D6208F900F2DFCD /* Base */ = {isa = PBXFileReference; lastKnownFileType = file.storyboard; name = Base; path = Base.lproj/Main.storyboard; sourceTree = "<group>"; };
		A949AD8B1D6208F900F2DFCD /* Assets.xcassets */ = {isa = PBXFileReference; lastKnownFileType = folder.assetcatalog; path = Assets.xcassets; sourceTree = "<group>"; };
		A949AD8E1D6208F900F2DFCD /* Base */ = {isa = PBXFileReference; lastKnownFileType = file.storyboard; name = Base; path = Base.lproj/LaunchScreen.storyboard; sourceTree = "<group>"; };
		A949AD901D6208F900F2DFCD /* Info.plist */ = {isa = PBXFileReference; lastKnownFileType = text.plist.xml; path = Info.plist; sourceTree = "<group>"; };
		B84CEF6E1525007325D5B3E6 /* Pods-ColorMatchTabs.debug.xcconfig */ = {isa = PBXFileReference; includeInIndex = 1; lastKnownFileType = text.xcconfig; name = "Pods-ColorMatchTabs.debug.xcconfig"; path = "Pods/Target Support Files/Pods-ColorMatchTabs/Pods-ColorMatchTabs.debug.xcconfig"; sourceTree = "<group>"; };
/* End PBXFileReference section */

/* Begin PBXFrameworksBuildPhase section */
		A949AD7E1D6208F900F2DFCD /* Frameworks */ = {
			isa = PBXFrameworksBuildPhase;
			buildActionMask = 2147483647;
			files = (
				D92DDA72E9F95E6C0F1986EC /* Pods_ColorMatchTabs.framework in Frameworks */,
			);
			runOnlyForDeploymentPostprocessing = 0;
		};
/* End PBXFrameworksBuildPhase section */

/* Begin PBXGroup section */
		6CC1B35AF65F1A98D1BA586D /* Frameworks */ = {
			isa = PBXGroup;
			children = (
				02088F85C63903C34792DE1C /* Pods_ColorMatchTabs.framework */,
			);
			name = Frameworks;
			sourceTree = "<group>";
		};
		A5D5DC269AB5B0AB31BCD3E1 /* Pods */ = {
			isa = PBXGroup;
			children = (
				B84CEF6E1525007325D5B3E6 /* Pods-ColorMatchTabs.debug.xcconfig */,
				1F3745E90E443EABE17562B9 /* Pods-ColorMatchTabs.release.xcconfig */,
			);
			name = Pods;
			sourceTree = "<group>";
		};
		A949AD781D6208F900F2DFCD = {
			isa = PBXGroup;
			children = (
				A949AD831D6208F900F2DFCD /* ColorMatchTabs */,
				A949AD821D6208F900F2DFCD /* Products */,
				A5D5DC269AB5B0AB31BCD3E1 /* Pods */,
				6CC1B35AF65F1A98D1BA586D /* Frameworks */,
			);
			sourceTree = "<group>";
		};
		A949AD821D6208F900F2DFCD /* Products */ = {
			isa = PBXGroup;
			children = (
				A949AD811D6208F900F2DFCD /* ColorMatchTabs.app */,
			);
			name = Products;
			sourceTree = "<group>";
		};
		A949AD831D6208F900F2DFCD /* ColorMatchTabs */ = {
			isa = PBXGroup;
			children = (
				A949AD841D6208F900F2DFCD /* AppDelegate.swift */,
				A949AD861D6208F900F2DFCD /* ViewController.swift */,
				A949AD881D6208F900F2DFCD /* Main.storyboard */,
				A949AD8B1D6208F900F2DFCD /* Assets.xcassets */,
				A949AD8D1D6208F900F2DFCD /* LaunchScreen.storyboard */,
				A949AD901D6208F900F2DFCD /* Info.plist */,
			);
			path = ColorMatchTabs;
			sourceTree = "<group>";
		};
/* End PBXGroup section */

/* Begin PBXNativeTarget section */
		A949AD801D6208F900F2DFCD /* ColorMatchTabs */ = {
			isa = PBXNativeTarget;
			buildConfigurationList = A949AD931D6208F900F2DFCD /* Build configuration list for PBXNativeTarget "ColorMatchTabs" */;
			buildPhases = (
				604FE7806E2CBF23CAAB7188 /* [CP] Check Pods Manifest.lock */,
				A949AD7D1D6208F900F2DFCD /* Sources */,
				A949AD7E1D6208F900F2DFCD /* Frameworks */,
				A949AD7F1D6208F900F2DFCD /* Resources */,
				B297F0745F02AE0436C5EAEE /* [CP] Embed Pods Frameworks */,
				CA8DAEB82A0DF9622A5C6965 /* [CP] Copy Pods Resources */,
			);
			buildRules = (
			);
			dependencies = (
			);
			name = ColorMatchTabs;
			productName = ColorMatchTabs;
			productReference = A949AD811D6208F900F2DFCD /* ColorMatchTabs.app */;
			productType = "com.apple.product-type.application";
		};
/* End PBXNativeTarget section */

/* Begin PBXProject section */
		A949AD791D6208F900F2DFCD /* Project object */ = {
			isa = PBXProject;
			attributes = {
				LastSwiftUpdateCheck = 0730;
				LastUpgradeCheck = 0730;
				ORGANIZATIONNAME = scauos.com;
				TargetAttributes = {
					A949AD801D6208F900F2DFCD = {
						CreatedOnToolsVersion = 7.3.1;
						DevelopmentTeam = S85YN963RT;
					};
				};
			};
			buildConfigurationList = A949AD7C1D6208F900F2DFCD /* Build configuration list for PBXProject "ColorMatchTabs" */;
			compatibilityVersion = "Xcode 3.2";
			developmentRegion = English;
			hasScannedForEncodings = 0;
			knownRegions = (
				en,
				Base,
			);
			mainGroup = A949AD781D6208F900F2DFCD;
			productRefGroup = A949AD821D6208F900F2DFCD /* Products */;
			projectDirPath = "";
			projectRoot = "";
			targets = (
				A949AD801D6208F900F2DFCD /* ColorMatchTabs */,
			);
		};
/* End PBXProject section */

/* Begin PBXResourcesBuildPhase section */
		A949AD7F1D6208F900F2DFCD /* Resources */ = {
			isa = PBXResourcesBuildPhase;
			buildActionMask = 2147483647;
			files = (
				A949AD8F1D6208F900F2DFCD /* LaunchScreen.storyboard in Resources */,
				A949AD8C1D6208F900F2DFCD /* Assets.xcassets in Resources */,
				A949AD8A1D6208F900F2DFCD /* Main.storyboard in Resources */,
			);
			runOnlyForDeploymentPostprocessing = 0;
		};
/* End PBXResourcesBuildPhase section */

/* Begin PBXShellScriptBuildPhase section */
		604FE7806E2CBF23CAAB7188 /* [CP] Check Pods Manifest.lock */ = {
			isa = PBXShellScriptBuildPhase;
			buildActionMask = 2147483647;
			files = (
			);
			inputPaths = (
			);
			name = "[CP] Check Pods Manifest.lock";
			outputPaths = (
			);
			runOnlyForDeploymentPostprocessing = 0;
			shellPath = /bin/sh;
			shellScript = "diff \"${PODS_ROOT}/../Podfile.lock\" \"${PODS_ROOT}/Manifest.lock\" > /dev/null\nif [[ $? != 0 ]] ; then\n    cat << EOM\nerror: The sandbox is not in sync with the Podfile.lock. Run 'pod install' or update your CocoaPods installation.\nEOM\n    exit 1\nfi\n";
			showEnvVarsInLog = 0;
		};
		B297F0745F02AE0436C5EAEE /* [CP] Embed Pods Frameworks */ = {
			isa = PBXShellScriptBuildPhase;
			buildActionMask = 2147483647;
			files = (
			);
			inputPaths = (
			);
			name = "[CP] Embed Pods Frameworks";
			outputPaths = (
			);
			runOnlyForDeploymentPostprocessing = 0;
			shellPath = /bin/sh;
			shellScript = "\"${SRCROOT}/Pods/Target Support Files/Pods-ColorMatchTabs/Pods-ColorMatchTabs-frameworks.sh\"\n";
			showEnvVarsInLog = 0;
		};
		CA8DAEB82A0DF9622A5C6965 /* [CP] Copy Pods Resources */ = {
			isa = PBXShellScriptBuildPhase;
			buildActionMask = 2147483647;
			files = (
			);
			inputPaths = (
			);
			name = "[CP] Copy Pods Resources";
			outputPaths = (
			);
			runOnlyForDeploymentPostprocessing = 0;
			shellPath = /bin/sh;
			shellScript = "\"${SRCROOT}/Pods/Target Support Files/Pods-ColorMatchTabs/Pods-ColorMatchTabs-resources.sh\"\n";
			showEnvVarsInLog = 0;
		};
/* End PBXShellScriptBuildPhase section */

/* Begin PBXSourcesBuildPhase section */
		A949AD7D1D6208F900F2DFCD /* Sources */ = {
			isa = PBXSourcesBuildPhase;
			buildActionMask = 2147483647;
			files = (
				A949AD871D6208F900F2DFCD /* ViewController.swift in Sources */,
				A949AD851D6208F900F2DFCD /* AppDelegate.swift in Sources */,
			);
			runOnlyForDeploymentPostprocessing = 0;
		};
/* End PBXSourcesBuildPhase section */

/* Begin PBXVariantGroup section */
		A949AD881D6208F900F2DFCD /* Main.storyboard */ = {
			isa = PBXVariantGroup;
			children = (
				A949AD891D6208F900F2DFCD /* Base */,
			);
			name = Main.storyboard;
			sourceTree = "<group>";
		};
		A949AD8D1D6208F900F2DFCD /* LaunchScreen.storyboard */ = {
			isa = PBXVariantGroup;
			children = (
				A949AD8E1D6208F900F2DFCD /* Base */,
			);
			name = LaunchScreen.storyboard;
			sourceTree = "<group>";
		};
/* End PBXVariantGroup section */

/* Begin XCBuildConfiguration section */
		A949AD911D6208F900F2DFCD /* Debug */ = {
			isa = XCBuildConfiguration;
			buildSettings = {
				ALWAYS_SEARCH_USER_PATHS = NO;
				CLANG_ANALYZER_NONNULL = YES;
				CLANG_CXX_LANGUAGE_STANDARD = "gnu++0x";
				CLANG_CXX_LIBRARY = "libc++";
				CLANG_ENABLE_MODULES = YES;
				CLANG_ENABLE_OBJC_ARC = YES;
				CLANG_WARN_BOOL_CONVERSION = YES;
				CLANG_WARN_CONSTANT_CONVERSION = YES;
				CLANG_WARN_DIRECT_OBJC_ISA_USAGE = YES_ERROR;
				CLANG_WARN_EMPTY_BODY = YES;
				CLANG_WARN_ENUM_CONVERSION = YES;
				CLANG_WARN_INT_CONVERSION = YES;
				CLANG_WARN_OBJC_ROOT_CLASS = YES_ERROR;
				CLANG_WARN_UNREACHABLE_CODE = YES;
				CLANG_WARN__DUPLICATE_METHOD_MATCH = YES;
				"CODE_SIGN_IDENTITY[sdk=iphoneos*]" = "iPhone Developer";
				COPY_PHASE_STRIP = NO;
				DEBUG_INFORMATION_FORMAT = dwarf;
				ENABLE_STRICT_OBJC_MSGSEND = YES;
				ENABLE_TESTABILITY = YES;
				GCC_C_LANGUAGE_STANDARD = gnu99;
				GCC_DYNAMIC_NO_PIC = NO;
				GCC_NO_COMMON_BLOCKS = YES;
				GCC_OPTIMIZATION_LEVEL = 0;
				GCC_PREPROCESSOR_DEFINITIONS = (
					"DEBUG=1",
					"$(inherited)",
				);
				GCC_WARN_64_TO_32_BIT_CONVERSION = YES;
				GCC_WARN_ABOUT_RETURN_TYPE = YES_ERROR;
				GCC_WARN_UNDECLARED_SELECTOR = YES;
				GCC_WARN_UNINITIALIZED_AUTOS = YES_AGGRESSIVE;
				GCC_WARN_UNUSED_FUNCTION = YES;
				GCC_WARN_UNUSED_VARIABLE = YES;
				IPHONEOS_DEPLOYMENT_TARGET = 9.3;
				MTL_ENABLE_DEBUG_INFO = YES;
				ONLY_ACTIVE_ARCH = YES;
				SDKROOT = iphoneos;
				SWIFT_OPTIMIZATION_LEVEL = "-Onone";
				TARGETED_DEVICE_FAMILY = "1,2";
			};
			name = Debug;
		};
		A949AD921D6208F900F2DFCD /* Release */ = {
			isa = XCBuildConfiguration;
			buildSettings = {
				ALWAYS_SEARCH_USER_PATHS = NO;
				CLANG_ANALYZER_NONNULL = YES;
				CLANG_CXX_LANGUAGE_STANDARD = "gnu++0x";
				CLANG_CXX_LIBRARY = "libc++";
				CLANG_ENABLE_MODULES = YES;
				CLANG_ENABLE_OBJC_ARC = YES;
				CLANG_WARN_BOOL_CONVERSION = YES;
				CLANG_WARN_CONSTANT_CONVERSION = YES;
				CLANG_WARN_DIRECT_OBJC_ISA_USAGE = YES_ERROR;
				CLANG_WARN_EMPTY_BODY = YES;
				CLANG_WARN_ENUM_CONVERSION = YES;
				CLANG_WARN_INT_CONVERSION = YES;
				CLANG_WARN_OBJC_ROOT_CLASS = YES_ERROR;
				CLANG_WARN_UNREACHABLE_CODE = YES;
				CLANG_WARN__DUPLICATE_METHOD_MATCH = YES;
				"CODE_SIGN_IDENTITY[sdk=iphoneos*]" = "iPhone Developer";
				COPY_PHASE_STRIP = NO;
				DEBUG_INFORMATION_FORMAT = "dwarf-with-dsym";
				ENABLE_NS_ASSERTIONS = NO;
				ENABLE_STRICT_OBJC_MSGSEND = YES;
				GCC_C_LANGUAGE_STANDARD = gnu99;
				GCC_NO_COMMON_BLOCKS = YES;
				GCC_WARN_64_TO_32_BIT_CONVERSION = YES;
				GCC_WARN_ABOUT_RETURN_TYPE = YES_ERROR;
				GCC_WARN_UNDECLARED_SELECTOR = YES;
				GCC_WARN_UNINITIALIZED_AUTOS = YES_AGGRESSIVE;
				GCC_WARN_UNUSED_FUNCTION = YES;
				GCC_WARN_UNUSED_VARIABLE = YES;
				IPHONEOS_DEPLOYMENT_TARGET = 9.3;
				MTL_ENABLE_DEBUG_INFO = NO;
				SDKROOT = iphoneos;
				TARGETED_DEVICE_FAMILY = "1,2";
				VALIDATE_PRODUCT = YES;
			};
			name = Release;
		};
		A949AD941D6208F900F2DFCD /* Debug */ = {
			isa = XCBuildConfiguration;
			baseConfigurationReference = B84CEF6E1525007325D5B3E6 /* Pods-ColorMatchTabs.debug.xcconfig */;
			buildSettings = {
				ASSETCATALOG_COMPILER_APPICON_NAME = AppIcon;
				INFOPLIST_FILE = ColorMatchTabs/Info.plist;
				LD_RUNPATH_SEARCH_PATHS = "$(inherited) @executable_path/Frameworks";
				PRODUCT_BUNDLE_IDENTIFIER = com.scauos.ColorMatchTabs;
				PRODUCT_NAME = "$(TARGET_NAME)";
			};
			name = Debug;
		};
		A949AD951D6208F900F2DFCD /* Release */ = {
			isa = XCBuildConfiguration;
			baseConfigurationReference = 1F3745E90E443EABE17562B9 /* Pods-ColorMatchTabs.release.xcconfig */;
			buildSettings = {
				ASSETCATALOG_COMPILER_APPICON_NAME = AppIcon;
				INFOPLIST_FILE = ColorMatchTabs/Info.plist;
				LD_RUNPATH_SEARCH_PATHS = "$(inherited) @executable_path/Frameworks";
				PRODUCT_BUNDLE_IDENTIFIER = com.scauos.ColorMatchTabs;
				PRODUCT_NAME = "$(TARGET_NAME)";
			};
			name = Release;
		};
/* End XCBuildConfiguration section */

/* Begin XCConfigurationList section */
		A949AD7C1D6208F900F2DFCD /* Build configuration list for PBXProject "ColorMatchTabs" */ = {
			isa = XCConfigurationList;
			buildConfigurations = (
				A949AD911D6208F900F2DFCD /* Debug */,
				A949AD921D6208F900F2DFCD /* Release */,
			);
			defaultConfigurationIsVisible = 0;
			defaultConfigurationName = Release;
		};
		A949AD931D6208F900F2DFCD /* Build configuration list for PBXNativeTarget "ColorMatchTabs" */ = {
			isa = XCConfigurationList;
			buildConfigurations = (
				A949AD941D6208F900F2DFCD /* Debug */,
				A949AD951D6208F900F2DFCD /* Release */,
			);
			defaultConfigurationIsVisible = 0;
			defaultConfigurationName = Release;
		};
/* End XCConfigurationList section */
	};
	rootObject = A949AD791D6208F900F2DFCD /* Project object */;
}
