// !$*UTF8*$!
{
	archiveVersion = 1;
	classes = {
	};
	objectVersion = 46;
	objects = {

/* Begin PBXBuildFile section */
		A9C4B1591D48AC6700D2197D /* AppDelegate.swift in Sources */ = {isa = PBXBuildFile; fileRef = A9C4B1581D48AC6700D2197D /* AppDelegate.swift */; };
		A9C4B15B1D48AC6700D2197D /* ViewController.swift in Sources */ = {isa = PBXBuildFile; fileRef = A9C4B15A1D48AC6700D2197D /* ViewController.swift */; };
		A9C4B15E1D48AC6700D2197D /* Main.storyboard in Resources */ = {isa = PBXBuildFile; fileRef = A9C4B15C1D48AC6700D2197D /* Main.storyboard */; };
		A9C4B1601D48AC6700D2197D /* Assets.xcassets in Resources */ = {isa = PBXBuildFile; fileRef = A9C4B15F1D48AC6700D2197D /* Assets.xcassets */; };
		A9C4B1631D48AC6700D2197D /* LaunchScreen.storyboard in Resources */ = {isa = PBXBuildFile; fileRef = A9C4B1611D48AC6700D2197D /* LaunchScreen.storyboard */; };
/* End PBXBuildFile section */

/* Begin PBXFileReference section */
		A9C4B1551D48AC6700D2197D /* WorkingThrough.app */ = {isa = PBXFileReference; explicitFileType = wrapper.application; includeInIndex = 0; path = WorkingThrough.app; sourceTree = BUILT_PRODUCTS_DIR; };
		A9C4B1581D48AC6700D2197D /* AppDelegate.swift */ = {isa = PBXFileReference; lastKnownFileType = sourcecode.swift; path = AppDelegate.swift; sourceTree = "<group>"; };
		A9C4B15A1D48AC6700D2197D /* ViewController.swift */ = {isa = PBXFileReference; lastKnownFileType = sourcecode.swift; path = ViewController.swift; sourceTree = "<group>"; };
		A9C4B15D1D48AC6700D2197D /* Base */ = {isa = PBXFileReference; lastKnownFileType = file.storyboard; name = Base; path = Base.lproj/Main.storyboard; sourceTree = "<group>"; };
		A9C4B15F1D48AC6700D2197D /* Assets.xcassets */ = {isa = PBXFileReference; lastKnownFileType = folder.assetcatalog; path = Assets.xcassets; sourceTree = "<group>"; };
		A9C4B1621D48AC6700D2197D /* Base */ = {isa = PBXFileReference; lastKnownFileType = file.storyboard; name = Base; path = Base.lproj/LaunchScreen.storyboard; sourceTree = "<group>"; };
		A9C4B1641D48AC6700D2197D /* Info.plist */ = {isa = PBXFileReference; lastKnownFileType = text.plist.xml; path = Info.plist; sourceTree = "<group>"; };
/* End PBXFileReference section */

/* Begin PBXFrameworksBuildPhase section */
		A9C4B1521D48AC6700D2197D /* Frameworks */ = {
			isa = PBXFrameworksBuildPhase;
			buildActionMask = 2147483647;
			files = (
			);
			runOnlyForDeploymentPostprocessing = 0;
		};
/* End PBXFrameworksBuildPhase section */

/* Begin PBXGroup section */
		A9C4B14C1D48AC6700D2197D = {
			isa = PBXGroup;
			children = (
				A9C4B1571D48AC6700D2197D /* WorkingThrough */,
				A9C4B1561D48AC6700D2197D /* Products */,
			);
			sourceTree = "<group>";
		};
		A9C4B1561D48AC6700D2197D /* Products */ = {
			isa = PBXGroup;
			children = (
				A9C4B1551D48AC6700D2197D /* WorkingThrough.app */,
			);
			name = Products;
			sourceTree = "<group>";
		};
		A9C4B1571D48AC6700D2197D /* WorkingThrough */ = {
			isa = PBXGroup;
			children = (
				A9C4B1581D48AC6700D2197D /* AppDelegate.swift */,
				A9C4B15A1D48AC6700D2197D /* ViewController.swift */,
				A9C4B15C1D48AC6700D2197D /* Main.storyboard */,
				A9C4B15F1D48AC6700D2197D /* Assets.xcassets */,
				A9C4B1611D48AC6700D2197D /* LaunchScreen.storyboard */,
				A9C4B1641D48AC6700D2197D /* Info.plist */,
			);
			path = WorkingThrough;
			sourceTree = "<group>";
		};
/* End PBXGroup section */

/* Begin PBXNativeTarget section */
		A9C4B1541D48AC6700D2197D /* WorkingThrough */ = {
			isa = PBXNativeTarget;
			buildConfigurationList = A9C4B1671D48AC6700D2197D /* Build configuration list for PBXNativeTarget "WorkingThrough" */;
			buildPhases = (
				A9C4B1511D48AC6700D2197D /* Sources */,
				A9C4B1521D48AC6700D2197D /* Frameworks */,
				A9C4B1531D48AC6700D2197D /* Resources */,
			);
			buildRules = (
			);
			dependencies = (
			);
			name = WorkingThrough;
			productName = WorkingThrough;
			productReference = A9C4B1551D48AC6700D2197D /* WorkingThrough.app */;
			productType = "com.apple.product-type.application";
		};
/* End PBXNativeTarget section */

/* Begin PBXProject section */
		A9C4B14D1D48AC6700D2197D /* Project object */ = {
			isa = PBXProject;
			attributes = {
				LastSwiftUpdateCheck = 0730;
				LastUpgradeCheck = 0730;
				ORGANIZATIONNAME = scauos.com;
				TargetAttributes = {
					A9C4B1541D48AC6700D2197D = {
						CreatedOnToolsVersion = 7.3;
						DevelopmentTeam = S85YN963RT;
					};
				};
			};
			buildConfigurationList = A9C4B1501D48AC6700D2197D /* Build configuration list for PBXProject "WorkingThrough" */;
			compatibilityVersion = "Xcode 3.2";
			developmentRegion = English;
			hasScannedForEncodings = 0;
			knownRegions = (
				en,
				Base,
			);
			mainGroup = A9C4B14C1D48AC6700D2197D;
			productRefGroup = A9C4B1561D48AC6700D2197D /* Products */;
			projectDirPath = "";
			projectRoot = "";
			targets = (
				A9C4B1541D48AC6700D2197D /* WorkingThrough */,
			);
		};
/* End PBXProject section */

/* Begin PBXResourcesBuildPhase section */
		A9C4B1531D48AC6700D2197D /* Resources */ = {
			isa = PBXResourcesBuildPhase;
			buildActionMask = 2147483647;
			files = (
				A9C4B1631D48AC6700D2197D /* LaunchScreen.storyboard in Resources */,
				A9C4B1601D48AC6700D2197D /* Assets.xcassets in Resources */,
				A9C4B15E1D48AC6700D2197D /* Main.storyboard in Resources */,
			);
			runOnlyForDeploymentPostprocessing = 0;
		};
/* End PBXResourcesBuildPhase section */

/* Begin PBXSourcesBuildPhase section */
		A9C4B1511D48AC6700D2197D /* Sources */ = {
			isa = PBXSourcesBuildPhase;
			buildActionMask = 2147483647;
			files = (
				A9C4B15B1D48AC6700D2197D /* ViewController.swift in Sources */,
				A9C4B1591D48AC6700D2197D /* AppDelegate.swift in Sources */,
			);
			runOnlyForDeploymentPostprocessing = 0;
		};
/* End PBXSourcesBuildPhase section */

/* Begin PBXVariantGroup section */
		A9C4B15C1D48AC6700D2197D /* Main.storyboard */ = {
			isa = PBXVariantGroup;
			children = (
				A9C4B15D1D48AC6700D2197D /* Base */,
			);
			name = Main.storyboard;
			sourceTree = "<group>";
		};
		A9C4B1611D48AC6700D2197D /* LaunchScreen.storyboard */ = {
			isa = PBXVariantGroup;
			children = (
				A9C4B1621D48AC6700D2197D /* Base */,
			);
			name = LaunchScreen.storyboard;
			sourceTree = "<group>";
		};
/* End PBXVariantGroup section */

/* Begin XCBuildConfiguration section */
		A9C4B1651D48AC6700D2197D /* Debug */ = {
			isa = XCBuildConfiguration;
			buildSettings = {
				ALWAYS_SEARCH_USER_PATHS = NO;
				CLANG_ANALYZER_NONNULL = YES;
				CLANG_CXX_LANGUAGE_STANDARD = "gnu++0x";
				CLANG_CXX_LIBRARY = "libc++";
				CLANG_ENABLE_MODULES = YES;
				CLANG_ENABLE_OBJC_ARC = YES;
				CLANG_WARN_BOOL_CONVERSION = YES;
				CLANG_WARN_CONSTANT_CONVERSION = YES;
				CLANG_WARN_DIRECT_OBJC_ISA_USAGE = YES_ERROR;
				CLANG_WARN_EMPTY_BODY = YES;
				CLANG_WARN_ENUM_CONVERSION = YES;
				CLANG_WARN_INT_CONVERSION = YES;
				CLANG_WARN_OBJC_ROOT_CLASS = YES_ERROR;
				CLANG_WARN_UNREACHABLE_CODE = YES;
				CLANG_WARN__DUPLICATE_METHOD_MATCH = YES;
				"CODE_SIGN_IDENTITY[sdk=iphoneos*]" = "iPhone Developer";
				COPY_PHASE_STRIP = NO;
				DEBUG_INFORMATION_FORMAT = dwarf;
				ENABLE_STRICT_OBJC_MSGSEND = YES;
				ENABLE_TESTABILITY = YES;
				GCC_C_LANGUAGE_STANDARD = gnu99;
				GCC_DYNAMIC_NO_PIC = NO;
				GCC_NO_COMMON_BLOCKS = YES;
				GCC_OPTIMIZATION_LEVEL = 0;
				GCC_PREPROCESSOR_DEFINITIONS = (
					"DEBUG=1",
					"$(inherited)",
				);
				GCC_WARN_64_TO_32_BIT_CONVERSION = YES;
				GCC_WARN_ABOUT_RETURN_TYPE = YES_ERROR;
				GCC_WARN_UNDECLARED_SELECTOR = YES;
				GCC_WARN_UNINITIALIZED_AUTOS = YES_AGGRESSIVE;
				GCC_WARN_UNUSED_FUNCTION = YES;
				GCC_WARN_UNUSED_VARIABLE = YES;
				IPHONEOS_DEPLOYMENT_TARGET = 9.3;
				MTL_ENABLE_DEBUG_INFO = YES;
				ONLY_ACTIVE_ARCH = YES;
				SDKROOT = iphoneos;
				SWIFT_OPTIMIZATION_LEVEL = "-Onone";
				TARGETED_DEVICE_FAMILY = "1,2";
			};
			name = Debug;
		};
		A9C4B1661D48AC6700D2197D /* Release */ = {
			isa = XCBuildConfiguration;
			buildSettings = {
				ALWAYS_SEARCH_USER_PATHS = NO;
				CLANG_ANALYZER_NONNULL = YES;
				CLANG_CXX_LANGUAGE_STANDARD = "gnu++0x";
				CLANG_CXX_LIBRARY = "libc++";
				CLANG_ENABLE_MODULES = YES;
				CLANG_ENABLE_OBJC_ARC = YES;
				CLANG_WARN_BOOL_CONVERSION = YES;
				CLANG_WARN_CONSTANT_CONVERSION = YES;
				CLANG_WARN_DIRECT_OBJC_ISA_USAGE = YES_ERROR;
				CLANG_WARN_EMPTY_BODY = YES;
				CLANG_WARN_ENUM_CONVERSION = YES;
				CLANG_WARN_INT_CONVERSION = YES;
				CLANG_WARN_OBJC_ROOT_CLASS = YES_ERROR;
				CLANG_WARN_UNREACHABLE_CODE = YES;
				CLANG_WARN__DUPLICATE_METHOD_MATCH = YES;
				"CODE_SIGN_IDENTITY[sdk=iphoneos*]" = "iPhone Developer";
				COPY_PHASE_STRIP = NO;
				DEBUG_INFORMATION_FORMAT = "dwarf-with-dsym";
				ENABLE_NS_ASSERTIONS = NO;
				ENABLE_STRICT_OBJC_MSGSEND = YES;
				GCC_C_LANGUAGE_STANDARD = gnu99;
				GCC_NO_COMMON_BLOCKS = YES;
				GCC_WARN_64_TO_32_BIT_CONVERSION = YES;
				GCC_WARN_ABOUT_RETURN_TYPE = YES_ERROR;
				GCC_WARN_UNDECLARED_SELECTOR = YES;
				GCC_WARN_UNINITIALIZED_AUTOS = YES_AGGRESSIVE;
				GCC_WARN_UNUSED_FUNCTION = YES;
				GCC_WARN_UNUSED_VARIABLE = YES;
				IPHONEOS_DEPLOYMENT_TARGET = 9.3;
				MTL_ENABLE_DEBUG_INFO = NO;
				SDKROOT = iphoneos;
				TARGETED_DEVICE_FAMILY = "1,2";
				VALIDATE_PRODUCT = YES;
			};
			name = Release;
		};
		A9C4B1681D48AC6700D2197D /* Debug */ = {
			isa = XCBuildConfiguration;
			buildSettings = {
				ASSETCATALOG_COMPILER_APPICON_NAME = AppIcon;
				INFOPLIST_FILE = WorkingThrough/Info.plist;
				LD_RUNPATH_SEARCH_PATHS = "$(inherited) @executable_path/Frameworks";
				PRODUCT_BUNDLE_IDENTIFIER = "everyting-is-under-control.WorkingThrough";
				PRODUCT_NAME = "$(TARGET_NAME)";
			};
			name = Debug;
		};
		A9C4B1691D48AC6700D2197D /* Release */ = {
			isa = XCBuildConfiguration;
			buildSettings = {
				ASSETCATALOG_COMPILER_APPICON_NAME = AppIcon;
				INFOPLIST_FILE = WorkingThrough/Info.plist;
				LD_RUNPATH_SEARCH_PATHS = "$(inherited) @executable_path/Frameworks";
				PRODUCT_BUNDLE_IDENTIFIER = "everyting-is-under-control.WorkingThrough";
				PRODUCT_NAME = "$(TARGET_NAME)";
			};
			name = Release;
		};
/* End XCBuildConfiguration section */

/* Begin XCConfigurationList section */
		A9C4B1501D48AC6700D2197D /* Build configuration list for PBXProject "WorkingThrough" */ = {
			isa = XCConfigurationList;
			buildConfigurations = (
				A9C4B1651D48AC6700D2197D /* Debug */,
				A9C4B1661D48AC6700D2197D /* Release */,
			);
			defaultConfigurationIsVisible = 0;
			defaultConfigurationName = Release;
		};
		A9C4B1671D48AC6700D2197D /* Build configuration list for PBXNativeTarget "WorkingThrough" */ = {
			isa = XCConfigurationList;
			buildConfigurations = (
				A9C4B1681D48AC6700D2197D /* Debug */,
				A9C4B1691D48AC6700D2197D /* Release */,
			);
			defaultConfigurationIsVisible = 0;
		};
/* End XCConfigurationList section */
	};
	rootObject = A9C4B14D1D48AC6700D2197D /* Project object */;
}
